
Microsoft Visual Studio Solution File, Format Version 12.00
# Visual Studio Version 17
VisualStudioVersion = 17.4.33122.133
MinimumVisualStudioVersion = 10.0.40219.1
Project("{FAE04EC0-301F-11D3-BF4B-00C04F79EFBC}") = "RGB", "ColorRGB\RGB.csproj", "{39B79EF4-6F30-47E9-98CA-C4CE7741F21F}"
EndProject
Global
	GlobalSection(SolutionConfigurationPlatforms) = preSolution
		Debug|Any CPU = Debug|Any CPU
		Release|Any CPU = Release|Any CPU
	EndGlobalSection
	GlobalSection(ProjectConfigurationPlatforms) = postSolution
		{39B79EF4-6F30-47E9-98CA-C4CE7741F21F}.Debug|Any CPU.ActiveCfg = Debug|Any CPU
		{39B79EF4-6F30-47E9-98CA-C4CE7741F21F}.Debug|Any CPU.Build.0 = Debug|Any CPU
		{39B79EF4-6F30-47E9-98CA-C4CE7741F21F}.Release|Any CPU.ActiveCfg = Release|Any CPU
		{39B79EF4-6F30-47E9-98CA-C4CE7741F21F}.Release|Any CPU.Build.0 = Release|Any CPU
	EndGlobalSection
	GlobalSection(SolutionProperties) = preSolution
		HideSolutionNode = FALSE
	EndGlobalSection
	GlobalSection(ExtensibilityGlobals) = postSolution
		SolutionGuid = {56C816CF-15D2-4F6D-A409-9220583FE905}
	EndGlobalSection
EndGlobal
